
Microsoft Visual Studio Solution File, Format Version 12.00
# Visual Studio Version 17
VisualStudioVersion = 17.4.33122.133
MinimumVisualStudioVersion = 10.0.40219.1
Project("{FAE04EC0-301F-11D3-BF4B-00C04F79EFBC}") = "HCIProject02", "HCIProject02.csproj", "{64FBA708-88F8-4AB2-A601-34085D828B30}"
EndProject
Global
	GlobalSection(SolutionConfigurationPlatforms) = preSolution
		Debug|Any CPU = Debug|Any CPU
		Release|Any CPU = Release|Any CPU
	EndGlobalSection
	GlobalSection(ProjectConfigurationPlatforms) = postSolution
		{64FBA708-88F8-4AB2-A601-34085D828B30}.Debug|Any CPU.ActiveCfg = Debug|Any CPU
		{64FBA708-88F8-4AB2-A601-34085D828B30}.Debug|Any CPU.Build.0 = Debug|Any CPU
		{64FBA708-88F8-4AB2-A601-34085D828B30}.Release|Any CPU.ActiveCfg = Release|Any CPU
		{64FBA708-88F8-4AB2-A601-34085D828B30}.Release|Any CPU.Build.0 = Release|Any CPU
	EndGlobalSection
	GlobalSection(SolutionProperties) = preSolution
		HideSolutionNode = FALSE
	EndGlobalSection
	GlobalSection(ExtensibilityGlobals) = postSolution
		SolutionGuid = {2AB888F0-1F62-4129-928A-03F0FE5D7823}
	EndGlobalSection
EndGlobal
